
Microsoft Visual Studio Solution File, Format Version 12.00
# Visual Studio 14
VisualStudioVersion = 14.0.25420.1
MinimumVisualStudioVersion = 10.0.40219.1
Project("{FAE04EC0-301F-11D3-BF4B-00C04F79EFBC}") = "0 to 9 array example", "ConsoleApplication1\0 to 9 array example.csproj", "{A4FEB4DC-4009-4526-8AF8-246EF42EA11B}"
EndProject
Project("{FAE04EC0-301F-11D3-BF4B-00C04F79EFBC}") = "sum last 5 arrays", "arrays\sum last 5 arrays.csproj", "{6A424982-C424-468A-AD76-45558F6A8D7F}"
EndProject
Project("{FAE04EC0-301F-11D3-BF4B-00C04F79EFBC}") = "string to array values", "yoyo\string to array values.csproj", "{029C9BC1-CB3F-4C16-8C76-E41EFB3D0DC4}"
EndProject
Project("{FAE04EC0-301F-11D3-BF4B-00C04F79EFBC}") = "Triple Sum", "saaadaf\Triple Sum.csproj", "{5DE1FC1B-50CF-423E-8FE8-27D9F93E5A8F}"
EndProject
Project("{FAE04EC0-301F-11D3-BF4B-00C04F79EFBC}") = "round nums", "asdaf\round nums.csproj", "{2C8CE95B-7FF3-4EDC-837B-3EF8E8D8B0CE}"
EndProject
Project("{FAE04EC0-301F-11D3-BF4B-00C04F79EFBC}") = "foreachTT", "foreachTT\foreachTT.csproj", "{5A7815AF-23B5-42C9-BAD1-9C957A5D88A7}"
EndProject
Project("{2150E333-8FDC-42A3-9474-1A3956D46DE8}") = "3Arrays", "3Arrays", "{7D41D2D8-CC8C-4232-977D-62B2199B1719}"
EndProject
Project("{2150E333-8FDC-42A3-9474-1A3956D46DE8}") = "1DataType Variables", "1DataType Variables", "{B8A3E516-274D-4462-97F2-2D83B1438EB3}"
EndProject
Project("{FAE04EC0-301F-11D3-BF4B-00C04F79EFBC}") = "primeCheck", "primeCheck\primeCheck.csproj", "{283D8343-1069-452B-8561-E1C3A9F99A1D}"
EndProject
Project("{2150E333-8FDC-42A3-9474-1A3956D46DE8}") = "2Methods debug", "2Methods debug", "{86AF263D-963C-4655-A4A6-CC03C13BC5B4}"
EndProject
Project("{FAE04EC0-301F-11D3-BF4B-00C04F79EFBC}") = "multiplyevemsumbyoddsum", "multiplyevemsumbyoddsum\multiplyevemsumbyoddsum.csproj", "{1C54004B-96F8-40FA-9CC4-F8D4269D8621}"
EndProject
Project("{FAE04EC0-301F-11D3-BF4B-00C04F79EFBC}") = "ReverseNumbs", "ReverseNumbs\ReverseNumbs.csproj", "{DFB56A5E-92A1-49EB-B442-A5A479B01465}"
EndProject
Project("{FAE04EC0-301F-11D3-BF4B-00C04F79EFBC}") = "fibbonacci", "fibbonacci\fibbonacci.csproj", "{5867F835-112C-43C5-BF86-A13FF842CF50}"
EndProject
Project("{FAE04EC0-301F-11D3-BF4B-00C04F79EFBC}") = "isPrime", "isPrime\isPrime.csproj", "{A4B6DB38-5D57-4487-9366-2A2FC7BA4416}"
EndProject
Project("{FAE04EC0-301F-11D3-BF4B-00C04F79EFBC}") = "PrimesInRange", "PrimesInRange\PrimesInRange.csproj", "{382F1EE5-D3EE-4AC7-8FEC-BB17C4089802}"
EndProject
Project("{2150E333-8FDC-42A3-9474-1A3956D46DE8}") = "4Lists", "4Lists", "{FFE081CE-CE5A-4932-9B3D-9102FD705C46}"
EndProject
Project("{2150E333-8FDC-42A3-9474-1A3956D46DE8}") = "old array exmpl", "old array exmpl", "{52FD36C2-CF18-428A-8F9E-3D7246EC19AA}"
EndProject
Project("{FAE04EC0-301F-11D3-BF4B-00C04F79EFBC}") = "largerstCommonEnd", "largerstCommonEnd\largerstCommonEnd.csproj", "{C51E6F62-13E6-482C-B9CA-BED046728E2B}"
EndProject
Project("{FAE04EC0-301F-11D3-BF4B-00C04F79EFBC}") = "ReverseArrayString", "ReverseArrayString\ReverseArrayString.csproj", "{F03B4A3B-FA0D-4355-A33D-67C408AD6C4B}"
EndProject
Project("{FAE04EC0-301F-11D3-BF4B-00C04F79EFBC}") = "RotateNsum", "RotateNsum\RotateNsum.csproj", "{077F9210-E325-43B4-8812-A5C0E555B576}"
EndProject
Project("{FAE04EC0-301F-11D3-BF4B-00C04F79EFBC}") = "SieveOfErathostenes", "SieveOfErathostenes\SieveOfErathostenes.csproj", "{C45EF353-B115-4284-A716-CA1AC666A6F5}"
EndProject
Project("{FAE04EC0-301F-11D3-BF4B-00C04F79EFBC}") = "CountNumbers", "CountNumbers\CountNumbers.csproj", "{76FFE37B-8464-4FC4-A1C4-CD642E84F3FA}"
EndProject
Project("{FAE04EC0-301F-11D3-BF4B-00C04F79EFBC}") = "CountNumbsBySorting", "CountNumbsBySorting\CountNumbsBySorting.csproj", "{1B429119-0F9C-474E-B65B-E9BDF1515A45}"
EndProject
Project("{FAE04EC0-301F-11D3-BF4B-00C04F79EFBC}") = "MaxSeqOfEqualElements", "MaxSeqOfEqualElements\MaxSeqOfEqualElements.csproj", "{0816FDA2-C7D5-46DA-988B-F71FAD7C48E3}"
EndProject
Project("{FAE04EC0-301F-11D3-BF4B-00C04F79EFBC}") = "MaxSeqIncreasingNUmbs", "MaxSeqIncreasingNUmbs\MaxSeqIncreasingNUmbs.csproj", "{E8FF5D92-D142-4AD1-A866-5625972B026C}"
EndProject
Project("{FAE04EC0-301F-11D3-BF4B-00C04F79EFBC}") = "maxSeqEqualElementsLISTS", "maxSeqEqualElementsLISTS\maxSeqEqualElementsLISTS.csproj", "{7A02C8CF-F77A-420A-954D-EDE1DDE2D0A6}"
EndProject
Project("{FAE04EC0-301F-11D3-BF4B-00C04F79EFBC}") = "Sum Reversed Numbers", "Sum Reversed Numbers\Sum Reversed Numbers.csproj", "{17F7BD8D-DB7C-4313-AB12-072A5B793549}"
EndProject
Project("{FAE04EC0-301F-11D3-BF4B-00C04F79EFBC}") = "ArrayManipulator", "ArrayManipulator\ArrayManipulator.csproj", "{0906230F-58A9-422C-96F1-C3D9B216E2C2}"
EndProject
Project("{2150E333-8FDC-42A3-9474-1A3956D46DE8}") = "5Dictionaries, Lambda and LINQ", "5Dictionaries, Lambda and LINQ", "{253DEBD6-46CC-4FA6-AF79-81FD205BA772}"
EndProject
Project("{FAE04EC0-301F-11D3-BF4B-00C04F79EFBC}") = "Odd Occurances", "Odd Occurances\Odd Occurances.csproj", "{79FF5A60-B829-4412-847D-C3287B405652}"
EndProject
Project("{FAE04EC0-301F-11D3-BF4B-00C04F79EFBC}") = "CountRealNumbers", "CountRealNumbers\CountRealNumbers.csproj", "{3CA5A219-C049-4336-99A6-0F7FC1AAEC88}"
EndProject
Project("{FAE04EC0-301F-11D3-BF4B-00C04F79EFBC}") = "LINQ sum min max avrg", "LINQ oprerations\LINQ sum min max avrg.csproj", "{FB7FE3EA-1BA8-4E1C-8906-E0D01E3025B8}"
EndProject
Project("{FAE04EC0-301F-11D3-BF4B-00C04F79EFBC}") = "LINQ largest 3 numbs", "LINQ largest 3 numbs\LINQ largest 3 numbs.csproj", "{87AA6DB9-1BAB-4BDB-8AB8-D15E428286DA}"
EndProject
Project("{FAE04EC0-301F-11D3-BF4B-00C04F79EFBC}") = "LINQ largest 3 numbs SHORT", "LINQ largest 3 numbs SHORT\LINQ largest 3 numbs SHORT.csproj", "{B7E45934-53BE-4D79-94CE-5AA4C9D792F9}"
EndProject
Project("{FAE04EC0-301F-11D3-BF4B-00C04F79EFBC}") = "LINQ filter collections", "LINQ\LINQ filter collections.csproj", "{0161745C-5D21-4825-A9F7-8D2B12DD3968}"
EndProject
Project("{FAE04EC0-301F-11D3-BF4B-00C04F79EFBC}") = "linq Short Words Sorted", "linq Short Words Sorted\linq Short Words Sorted.csproj", "{407244DB-3D6F-47D7-8E1B-9453EC52BA99}"
EndProject
Project("{FAE04EC0-301F-11D3-BF4B-00C04F79EFBC}") = "linq Fold and Sum", "linq Fold and Sum\linq Fold and Sum.csproj", "{8337F083-CEB2-4776-9CB8-E26B8CA6EA55}"
EndProject
Project("{FAE04EC0-301F-11D3-BF4B-00C04F79EFBC}") = "Exc_Phonebook", "Exc_Phonebook\Exc_Phonebook.csproj", "{9D407262-7607-4D3B-8D25-8FDFB6CBB992}"
EndProject
Project("{FAE04EC0-301F-11D3-BF4B-00C04F79EFBC}") = "Exc_Minertask", "Exc_Minertask\Exc_Minertask.csproj", "{1C2116C6-E861-4FC7-BF9E-B06BAACC2A16}"
EndProject
Project("{FAE04EC0-301F-11D3-BF4B-00C04F79EFBC}") = "Exc_Fixemails", "Exc_Fixemails\Exc_Fixemails.csproj", "{8CAF2C2E-1116-49E4-9DDF-92B6B9D7D34D}"
EndProject
Project("{FAE04EC0-301F-11D3-BF4B-00C04F79EFBC}") = "Exc_handsOfCards", "Exc_handsOfCards\Exc_handsOfCards.csproj", "{BF21F7B2-3A0B-49C1-9DC0-07CFB7DCEDE1}"
EndProject
Project("{FAE04EC0-301F-11D3-BF4B-00C04F79EFBC}") = "Exc_DragonArmy", "Exc_DragonArmy\Exc_DragonArmy.csproj", "{3FD6F9B5-2168-4915-8668-6BADE2421A2C}"
EndProject
Project("{2150E333-8FDC-42A3-9474-1A3956D46DE8}") = "6Objects and Classes", "6Objects and Classes", "{E7F3AB70-148A-4EF8-BD77-57093F044D26}"
EndProject
Project("{FAE04EC0-301F-11D3-BF4B-00C04F79EFBC}") = "Lab_RandomizeWords", "RandomizeWords\Lab_RandomizeWords.csproj", "{74EBD8A5-A24E-4D85-9808-2745FF8FB02F}"
EndProject
Project("{FAE04EC0-301F-11D3-BF4B-00C04F79EFBC}") = "Lab_BigFactorial", "Lab_BigFactorial\Lab_BigFactorial.csproj", "{449ADDCF-7D93-4FA2-AA81-E36FA29A520B}"
EndProject
Project("{FAE04EC0-301F-11D3-BF4B-00C04F79EFBC}") = "Lab_DistranceBetween2points", "Lab_DistranceBetween2points\Lab_DistranceBetween2points.csproj", "{7CDCF624-538D-4B9E-B8D5-B90E37AAD560}"
EndProject
Project("{FAE04EC0-301F-11D3-BF4B-00C04F79EFBC}") = "Lab_ClosestTwoPoints", "Lab_ClosesTwoPoints\Lab_ClosestTwoPoints.csproj", "{0C4B67EC-CEB5-4E46-AA4D-870DC76B1EE5}"
EndProject
Project("{FAE04EC0-301F-11D3-BF4B-00C04F79EFBC}") = "Lab_rectanglePosition", "Lab_rectanglePosition\Lab_rectanglePosition.csproj", "{7C2CEE10-630D-477A-81BF-CCC65CC2B1E1}"
EndProject
Project("{2150E333-8FDC-42A3-9474-1A3956D46DE8}") = "7Files and Exceptions", "7Files and Exceptions", "{810E4A7F-5BE0-45B6-ADA5-A2977FFA8408}"
EndProject
Project("{2150E333-8FDC-42A3-9474-1A3956D46DE8}") = "8Strings", "8Strings", "{B7E1238E-DCFE-4108-98D8-55E34CAFBA10}"
EndProject
Project("{2150E333-8FDC-42A3-9474-1A3956D46DE8}") = "9Regex", "9Regex", "{DB097C03-FDCA-475D-AEFE-93C274279B01}"
EndProject
Project("{FAE04EC0-301F-11D3-BF4B-00C04F79EFBC}") = "Lab_Count substring occurrences", "Lab_Count substring occurrences\Lab_Count substring occurrences.csproj", "{CBE32D62-B212-4F5B-9E82-4FB3D736B2AE}"
EndProject
Project("{FAE04EC0-301F-11D3-BF4B-00C04F79EFBC}") = "Lab_TextFilter", "Lab_TextFilter\Lab_TextFilter.csproj", "{B846717B-A533-4288-A8C4-DBA2A1F4C65A}"
EndProject
Project("{FAE04EC0-301F-11D3-BF4B-00C04F79EFBC}") = "StringBuilder", "StringBuilder\StringBuilder.csproj", "{9E162CA9-6428-4F42-B629-DC8B5D544529}"
EndProject
Project("{FAE04EC0-301F-11D3-BF4B-00C04F79EFBC}") = "Lab_stringBuilderReverse", "Lab_stringBuilderReverse\Lab_stringBuilderReverse.csproj", "{435FC29A-60F1-497A-B9C8-8AE666D0350E}"
EndProject
Project("{FAE04EC0-301F-11D3-BF4B-00C04F79EFBC}") = "regex11", "regex11\regex11.csproj", "{7A30FA90-7F49-4FED-8DA4-CF3307D22E26}"
EndProject
Project("{FAE04EC0-301F-11D3-BF4B-00C04F79EFBC}") = "checkForMatches", "checkForMatches\checkForMatches.csproj", "{37165A6C-CBBD-414E-ABD5-58920963BE63}"
EndProject
Project("{FAE04EC0-301F-11D3-BF4B-00C04F79EFBC}") = "replaceWithRegex", "replaceWithRegex\replaceWithRegex.csproj", "{9EEC075F-8B9A-4994-A2AA-82B409C7F0DD}"
EndProject
Project("{FAE04EC0-301F-11D3-BF4B-00C04F79EFBC}") = "Lab_ReplaceAtag", "Lab_ReplaceAtag\Lab_ReplaceAtag.csproj", "{223AD359-18A8-4258-BC58-F929E2BAE2CA}"
EndProject
Project("{FAE04EC0-301F-11D3-BF4B-00C04F79EFBC}") = "SplitWithRegex", "SplitWithRegex\SplitWithRegex.csproj", "{76B30D5A-D6EE-4563-8780-F418F70A0A70}"
EndProject
Project("{2150E333-8FDC-42A3-9474-1A3956D46DE8}") = "EXAMprep", "EXAMprep", "{45D70BFB-5FFE-49DB-9F23-A81367ACA4D4}"
EndProject
Project("{FAE04EC0-301F-11D3-BF4B-00C04F79EFBC}") = "1Sinothewalker", "1Sinothewalker\1Sinothewalker.csproj", "{41E4938B-5A96-42B0-98A6-2CBB4F472BD6}"
EndProject
Project("{FAE04EC0-301F-11D3-BF4B-00C04F79EFBC}") = "1karaoke", "1karaoke\1karaoke.csproj", "{F82B00A8-5858-4CAA-804C-30751E0BD89C}"
EndProject
Project("{FAE04EC0-301F-11D3-BF4B-00C04F79EFBC}") = "1enduranceRally", "1enduranceRally\1enduranceRally.csproj", "{414D80FE-C119-4C78-92D6-609986B2DCD6}"
EndProject
Global
	GlobalSection(SolutionConfigurationPlatforms) = preSolution
		Debug|Any CPU = Debug|Any CPU
		Release|Any CPU = Release|Any CPU
	EndGlobalSection
	GlobalSection(ProjectConfigurationPlatforms) = postSolution
		{A4FEB4DC-4009-4526-8AF8-246EF42EA11B}.Debug|Any CPU.ActiveCfg = Debug|Any CPU
		{A4FEB4DC-4009-4526-8AF8-246EF42EA11B}.Debug|Any CPU.Build.0 = Debug|Any CPU
		{A4FEB4DC-4009-4526-8AF8-246EF42EA11B}.Release|Any CPU.ActiveCfg = Release|Any CPU
		{A4FEB4DC-4009-4526-8AF8-246EF42EA11B}.Release|Any CPU.Build.0 = Release|Any CPU
		{6A424982-C424-468A-AD76-45558F6A8D7F}.Debug|Any CPU.ActiveCfg = Debug|Any CPU
		{6A424982-C424-468A-AD76-45558F6A8D7F}.Debug|Any CPU.Build.0 = Debug|Any CPU
		{6A424982-C424-468A-AD76-45558F6A8D7F}.Release|Any CPU.ActiveCfg = Release|Any CPU
		{6A424982-C424-468A-AD76-45558F6A8D7F}.Release|Any CPU.Build.0 = Release|Any CPU
		{029C9BC1-CB3F-4C16-8C76-E41EFB3D0DC4}.Debug|Any CPU.ActiveCfg = Debug|Any CPU
		{029C9BC1-CB3F-4C16-8C76-E41EFB3D0DC4}.Debug|Any CPU.Build.0 = Debug|Any CPU
		{029C9BC1-CB3F-4C16-8C76-E41EFB3D0DC4}.Release|Any CPU.ActiveCfg = Release|Any CPU
		{029C9BC1-CB3F-4C16-8C76-E41EFB3D0DC4}.Release|Any CPU.Build.0 = Release|Any CPU
		{5DE1FC1B-50CF-423E-8FE8-27D9F93E5A8F}.Debug|Any CPU.ActiveCfg = Debug|Any CPU
		{5DE1FC1B-50CF-423E-8FE8-27D9F93E5A8F}.Debug|Any CPU.Build.0 = Debug|Any CPU
		{5DE1FC1B-50CF-423E-8FE8-27D9F93E5A8F}.Release|Any CPU.ActiveCfg = Release|Any CPU
		{5DE1FC1B-50CF-423E-8FE8-27D9F93E5A8F}.Release|Any CPU.Build.0 = Release|Any CPU
		{2C8CE95B-7FF3-4EDC-837B-3EF8E8D8B0CE}.Debug|Any CPU.ActiveCfg = Debug|Any CPU
		{2C8CE95B-7FF3-4EDC-837B-3EF8E8D8B0CE}.Debug|Any CPU.Build.0 = Debug|Any CPU
		{2C8CE95B-7FF3-4EDC-837B-3EF8E8D8B0CE}.Release|Any CPU.ActiveCfg = Release|Any CPU
		{2C8CE95B-7FF3-4EDC-837B-3EF8E8D8B0CE}.Release|Any CPU.Build.0 = Release|Any CPU
		{5A7815AF-23B5-42C9-BAD1-9C957A5D88A7}.Debug|Any CPU.ActiveCfg = Debug|Any CPU
		{5A7815AF-23B5-42C9-BAD1-9C957A5D88A7}.Debug|Any CPU.Build.0 = Debug|Any CPU
		{5A7815AF-23B5-42C9-BAD1-9C957A5D88A7}.Release|Any CPU.ActiveCfg = Release|Any CPU
		{5A7815AF-23B5-42C9-BAD1-9C957A5D88A7}.Release|Any CPU.Build.0 = Release|Any CPU
		{283D8343-1069-452B-8561-E1C3A9F99A1D}.Debug|Any CPU.ActiveCfg = Debug|Any CPU
		{283D8343-1069-452B-8561-E1C3A9F99A1D}.Debug|Any CPU.Build.0 = Debug|Any CPU
		{283D8343-1069-452B-8561-E1C3A9F99A1D}.Release|Any CPU.ActiveCfg = Release|Any CPU
		{283D8343-1069-452B-8561-E1C3A9F99A1D}.Release|Any CPU.Build.0 = Release|Any CPU
		{1C54004B-96F8-40FA-9CC4-F8D4269D8621}.Debug|Any CPU.ActiveCfg = Debug|Any CPU
		{1C54004B-96F8-40FA-9CC4-F8D4269D8621}.Debug|Any CPU.Build.0 = Debug|Any CPU
		{1C54004B-96F8-40FA-9CC4-F8D4269D8621}.Release|Any CPU.ActiveCfg = Release|Any CPU
		{1C54004B-96F8-40FA-9CC4-F8D4269D8621}.Release|Any CPU.Build.0 = Release|Any CPU
		{DFB56A5E-92A1-49EB-B442-A5A479B01465}.Debug|Any CPU.ActiveCfg = Debug|Any CPU
		{DFB56A5E-92A1-49EB-B442-A5A479B01465}.Debug|Any CPU.Build.0 = Debug|Any CPU
		{DFB56A5E-92A1-49EB-B442-A5A479B01465}.Release|Any CPU.ActiveCfg = Release|Any CPU
		{DFB56A5E-92A1-49EB-B442-A5A479B01465}.Release|Any CPU.Build.0 = Release|Any CPU
		{5867F835-112C-43C5-BF86-A13FF842CF50}.Debug|Any CPU.ActiveCfg = Debug|Any CPU
		{5867F835-112C-43C5-BF86-A13FF842CF50}.Debug|Any CPU.Build.0 = Debug|Any CPU
		{5867F835-112C-43C5-BF86-A13FF842CF50}.Release|Any CPU.ActiveCfg = Release|Any CPU
		{5867F835-112C-43C5-BF86-A13FF842CF50}.Release|Any CPU.Build.0 = Release|Any CPU
		{A4B6DB38-5D57-4487-9366-2A2FC7BA4416}.Debug|Any CPU.ActiveCfg = Debug|Any CPU
		{A4B6DB38-5D57-4487-9366-2A2FC7BA4416}.Debug|Any CPU.Build.0 = Debug|Any CPU
		{A4B6DB38-5D57-4487-9366-2A2FC7BA4416}.Release|Any CPU.ActiveCfg = Release|Any CPU
		{A4B6DB38-5D57-4487-9366-2A2FC7BA4416}.Release|Any CPU.Build.0 = Release|Any CPU
		{382F1EE5-D3EE-4AC7-8FEC-BB17C4089802}.Debug|Any CPU.ActiveCfg = Debug|Any CPU
		{382F1EE5-D3EE-4AC7-8FEC-BB17C4089802}.Debug|Any CPU.Build.0 = Debug|Any CPU
		{382F1EE5-D3EE-4AC7-8FEC-BB17C4089802}.Release|Any CPU.ActiveCfg = Release|Any CPU
		{382F1EE5-D3EE-4AC7-8FEC-BB17C4089802}.Release|Any CPU.Build.0 = Release|Any CPU
		{C51E6F62-13E6-482C-B9CA-BED046728E2B}.Debug|Any CPU.ActiveCfg = Debug|Any CPU
		{C51E6F62-13E6-482C-B9CA-BED046728E2B}.Debug|Any CPU.Build.0 = Debug|Any CPU
		{C51E6F62-13E6-482C-B9CA-BED046728E2B}.Release|Any CPU.ActiveCfg = Release|Any CPU
		{C51E6F62-13E6-482C-B9CA-BED046728E2B}.Release|Any CPU.Build.0 = Release|Any CPU
		{F03B4A3B-FA0D-4355-A33D-67C408AD6C4B}.Debug|Any CPU.ActiveCfg = Debug|Any CPU
		{F03B4A3B-FA0D-4355-A33D-67C408AD6C4B}.Debug|Any CPU.Build.0 = Debug|Any CPU
		{F03B4A3B-FA0D-4355-A33D-67C408AD6C4B}.Release|Any CPU.ActiveCfg = Release|Any CPU
		{F03B4A3B-FA0D-4355-A33D-67C408AD6C4B}.Release|Any CPU.Build.0 = Release|Any CPU
		{077F9210-E325-43B4-8812-A5C0E555B576}.Debug|Any CPU.ActiveCfg = Debug|Any CPU
		{077F9210-E325-43B4-8812-A5C0E555B576}.Debug|Any CPU.Build.0 = Debug|Any CPU
		{077F9210-E325-43B4-8812-A5C0E555B576}.Release|Any CPU.ActiveCfg = Release|Any CPU
		{077F9210-E325-43B4-8812-A5C0E555B576}.Release|Any CPU.Build.0 = Release|Any CPU
		{C45EF353-B115-4284-A716-CA1AC666A6F5}.Debug|Any CPU.ActiveCfg = Debug|Any CPU
		{C45EF353-B115-4284-A716-CA1AC666A6F5}.Debug|Any CPU.Build.0 = Debug|Any CPU
		{C45EF353-B115-4284-A716-CA1AC666A6F5}.Release|Any CPU.ActiveCfg = Release|Any CPU
		{C45EF353-B115-4284-A716-CA1AC666A6F5}.Release|Any CPU.Build.0 = Release|Any CPU
		{76FFE37B-8464-4FC4-A1C4-CD642E84F3FA}.Debug|Any CPU.ActiveCfg = Debug|Any CPU
		{76FFE37B-8464-4FC4-A1C4-CD642E84F3FA}.Debug|Any CPU.Build.0 = Debug|Any CPU
		{76FFE37B-8464-4FC4-A1C4-CD642E84F3FA}.Release|Any CPU.ActiveCfg = Release|Any CPU
		{76FFE37B-8464-4FC4-A1C4-CD642E84F3FA}.Release|Any CPU.Build.0 = Release|Any CPU
		{1B429119-0F9C-474E-B65B-E9BDF1515A45}.Debug|Any CPU.ActiveCfg = Debug|Any CPU
		{1B429119-0F9C-474E-B65B-E9BDF1515A45}.Debug|Any CPU.Build.0 = Debug|Any CPU
		{1B429119-0F9C-474E-B65B-E9BDF1515A45}.Release|Any CPU.ActiveCfg = Release|Any CPU
		{1B429119-0F9C-474E-B65B-E9BDF1515A45}.Release|Any CPU.Build.0 = Release|Any CPU
		{0816FDA2-C7D5-46DA-988B-F71FAD7C48E3}.Debug|Any CPU.ActiveCfg = Debug|Any CPU
		{0816FDA2-C7D5-46DA-988B-F71FAD7C48E3}.Debug|Any CPU.Build.0 = Debug|Any CPU
		{0816FDA2-C7D5-46DA-988B-F71FAD7C48E3}.Release|Any CPU.ActiveCfg = Release|Any CPU
		{0816FDA2-C7D5-46DA-988B-F71FAD7C48E3}.Release|Any CPU.Build.0 = Release|Any CPU
		{E8FF5D92-D142-4AD1-A866-5625972B026C}.Debug|Any CPU.ActiveCfg = Debug|Any CPU
		{E8FF5D92-D142-4AD1-A866-5625972B026C}.Debug|Any CPU.Build.0 = Debug|Any CPU
		{E8FF5D92-D142-4AD1-A866-5625972B026C}.Release|Any CPU.ActiveCfg = Release|Any CPU
		{E8FF5D92-D142-4AD1-A866-5625972B026C}.Release|Any CPU.Build.0 = Release|Any CPU
		{7A02C8CF-F77A-420A-954D-EDE1DDE2D0A6}.Debug|Any CPU.ActiveCfg = Debug|Any CPU
		{7A02C8CF-F77A-420A-954D-EDE1DDE2D0A6}.Debug|Any CPU.Build.0 = Debug|Any CPU
		{7A02C8CF-F77A-420A-954D-EDE1DDE2D0A6}.Release|Any CPU.ActiveCfg = Release|Any CPU
		{7A02C8CF-F77A-420A-954D-EDE1DDE2D0A6}.Release|Any CPU.Build.0 = Release|Any CPU
		{17F7BD8D-DB7C-4313-AB12-072A5B793549}.Debug|Any CPU.ActiveCfg = Debug|Any CPU
		{17F7BD8D-DB7C-4313-AB12-072A5B793549}.Debug|Any CPU.Build.0 = Debug|Any CPU
		{17F7BD8D-DB7C-4313-AB12-072A5B793549}.Release|Any CPU.ActiveCfg = Release|Any CPU
		{17F7BD8D-DB7C-4313-AB12-072A5B793549}.Release|Any CPU.Build.0 = Release|Any CPU
		{0906230F-58A9-422C-96F1-C3D9B216E2C2}.Debug|Any CPU.ActiveCfg = Debug|Any CPU
		{0906230F-58A9-422C-96F1-C3D9B216E2C2}.Debug|Any CPU.Build.0 = Debug|Any CPU
		{0906230F-58A9-422C-96F1-C3D9B216E2C2}.Release|Any CPU.ActiveCfg = Release|Any CPU
		{0906230F-58A9-422C-96F1-C3D9B216E2C2}.Release|Any CPU.Build.0 = Release|Any CPU
		{79FF5A60-B829-4412-847D-C3287B405652}.Debug|Any CPU.ActiveCfg = Debug|Any CPU
		{79FF5A60-B829-4412-847D-C3287B405652}.Debug|Any CPU.Build.0 = Debug|Any CPU
		{79FF5A60-B829-4412-847D-C3287B405652}.Release|Any CPU.ActiveCfg = Release|Any CPU
		{79FF5A60-B829-4412-847D-C3287B405652}.Release|Any CPU.Build.0 = Release|Any CPU
		{3CA5A219-C049-4336-99A6-0F7FC1AAEC88}.Debug|Any CPU.ActiveCfg = Debug|Any CPU
		{3CA5A219-C049-4336-99A6-0F7FC1AAEC88}.Debug|Any CPU.Build.0 = Debug|Any CPU
		{3CA5A219-C049-4336-99A6-0F7FC1AAEC88}.Release|Any CPU.ActiveCfg = Release|Any CPU
		{3CA5A219-C049-4336-99A6-0F7FC1AAEC88}.Release|Any CPU.Build.0 = Release|Any CPU
		{FB7FE3EA-1BA8-4E1C-8906-E0D01E3025B8}.Debug|Any CPU.ActiveCfg = Debug|Any CPU
		{FB7FE3EA-1BA8-4E1C-8906-E0D01E3025B8}.Debug|Any CPU.Build.0 = Debug|Any CPU
		{FB7FE3EA-1BA8-4E1C-8906-E0D01E3025B8}.Release|Any CPU.ActiveCfg = Release|Any CPU
		{FB7FE3EA-1BA8-4E1C-8906-E0D01E3025B8}.Release|Any CPU.Build.0 = Release|Any CPU
		{87AA6DB9-1BAB-4BDB-8AB8-D15E428286DA}.Debug|Any CPU.ActiveCfg = Debug|Any CPU
		{87AA6DB9-1BAB-4BDB-8AB8-D15E428286DA}.Debug|Any CPU.Build.0 = Debug|Any CPU
		{87AA6DB9-1BAB-4BDB-8AB8-D15E428286DA}.Release|Any CPU.ActiveCfg = Release|Any CPU
		{87AA6DB9-1BAB-4BDB-8AB8-D15E428286DA}.Release|Any CPU.Build.0 = Release|Any CPU
		{B7E45934-53BE-4D79-94CE-5AA4C9D792F9}.Debug|Any CPU.ActiveCfg = Debug|Any CPU
		{B7E45934-53BE-4D79-94CE-5AA4C9D792F9}.Debug|Any CPU.Build.0 = Debug|Any CPU
		{B7E45934-53BE-4D79-94CE-5AA4C9D792F9}.Release|Any CPU.ActiveCfg = Release|Any CPU
		{B7E45934-53BE-4D79-94CE-5AA4C9D792F9}.Release|Any CPU.Build.0 = Release|Any CPU
		{0161745C-5D21-4825-A9F7-8D2B12DD3968}.Debug|Any CPU.ActiveCfg = Debug|Any CPU
		{0161745C-5D21-4825-A9F7-8D2B12DD3968}.Debug|Any CPU.Build.0 = Debug|Any CPU
		{0161745C-5D21-4825-A9F7-8D2B12DD3968}.Release|Any CPU.ActiveCfg = Release|Any CPU
		{0161745C-5D21-4825-A9F7-8D2B12DD3968}.Release|Any CPU.Build.0 = Release|Any CPU
		{407244DB-3D6F-47D7-8E1B-9453EC52BA99}.Debug|Any CPU.ActiveCfg = Debug|Any CPU
		{407244DB-3D6F-47D7-8E1B-9453EC52BA99}.Debug|Any CPU.Build.0 = Debug|Any CPU
		{407244DB-3D6F-47D7-8E1B-9453EC52BA99}.Release|Any CPU.ActiveCfg = Release|Any CPU
		{407244DB-3D6F-47D7-8E1B-9453EC52BA99}.Release|Any CPU.Build.0 = Release|Any CPU
		{8337F083-CEB2-4776-9CB8-E26B8CA6EA55}.Debug|Any CPU.ActiveCfg = Debug|Any CPU
		{8337F083-CEB2-4776-9CB8-E26B8CA6EA55}.Debug|Any CPU.Build.0 = Debug|Any CPU
		{8337F083-CEB2-4776-9CB8-E26B8CA6EA55}.Release|Any CPU.ActiveCfg = Release|Any CPU
		{8337F083-CEB2-4776-9CB8-E26B8CA6EA55}.Release|Any CPU.Build.0 = Release|Any CPU
		{9D407262-7607-4D3B-8D25-8FDFB6CBB992}.Debug|Any CPU.ActiveCfg = Debug|Any CPU
		{9D407262-7607-4D3B-8D25-8FDFB6CBB992}.Debug|Any CPU.Build.0 = Debug|Any CPU
		{9D407262-7607-4D3B-8D25-8FDFB6CBB992}.Release|Any CPU.ActiveCfg = Release|Any CPU
		{9D407262-7607-4D3B-8D25-8FDFB6CBB992}.Release|Any CPU.Build.0 = Release|Any CPU
		{1C2116C6-E861-4FC7-BF9E-B06BAACC2A16}.Debug|Any CPU.ActiveCfg = Debug|Any CPU
		{1C2116C6-E861-4FC7-BF9E-B06BAACC2A16}.Debug|Any CPU.Build.0 = Debug|Any CPU
		{1C2116C6-E861-4FC7-BF9E-B06BAACC2A16}.Release|Any CPU.ActiveCfg = Release|Any CPU
		{1C2116C6-E861-4FC7-BF9E-B06BAACC2A16}.Release|Any CPU.Build.0 = Release|Any CPU
		{8CAF2C2E-1116-49E4-9DDF-92B6B9D7D34D}.Debug|Any CPU.ActiveCfg = Debug|Any CPU
		{8CAF2C2E-1116-49E4-9DDF-92B6B9D7D34D}.Debug|Any CPU.Build.0 = Debug|Any CPU
		{8CAF2C2E-1116-49E4-9DDF-92B6B9D7D34D}.Release|Any CPU.ActiveCfg = Release|Any CPU
		{8CAF2C2E-1116-49E4-9DDF-92B6B9D7D34D}.Release|Any CPU.Build.0 = Release|Any CPU
		{BF21F7B2-3A0B-49C1-9DC0-07CFB7DCEDE1}.Debug|Any CPU.ActiveCfg = Debug|Any CPU
		{BF21F7B2-3A0B-49C1-9DC0-07CFB7DCEDE1}.Debug|Any CPU.Build.0 = Debug|Any CPU
		{BF21F7B2-3A0B-49C1-9DC0-07CFB7DCEDE1}.Release|Any CPU.ActiveCfg = Release|Any CPU
		{BF21F7B2-3A0B-49C1-9DC0-07CFB7DCEDE1}.Release|Any CPU.Build.0 = Release|Any CPU
		{3FD6F9B5-2168-4915-8668-6BADE2421A2C}.Debug|Any CPU.ActiveCfg = Debug|Any CPU
		{3FD6F9B5-2168-4915-8668-6BADE2421A2C}.Debug|Any CPU.Build.0 = Debug|Any CPU
		{3FD6F9B5-2168-4915-8668-6BADE2421A2C}.Release|Any CPU.ActiveCfg = Release|Any CPU
		{3FD6F9B5-2168-4915-8668-6BADE2421A2C}.Release|Any CPU.Build.0 = Release|Any CPU
		{74EBD8A5-A24E-4D85-9808-2745FF8FB02F}.Debug|Any CPU.ActiveCfg = Debug|Any CPU
		{74EBD8A5-A24E-4D85-9808-2745FF8FB02F}.Debug|Any CPU.Build.0 = Debug|Any CPU
		{74EBD8A5-A24E-4D85-9808-2745FF8FB02F}.Release|Any CPU.ActiveCfg = Release|Any CPU
		{74EBD8A5-A24E-4D85-9808-2745FF8FB02F}.Release|Any CPU.Build.0 = Release|Any CPU
		{449ADDCF-7D93-4FA2-AA81-E36FA29A520B}.Debug|Any CPU.ActiveCfg = Debug|Any CPU
		{449ADDCF-7D93-4FA2-AA81-E36FA29A520B}.Debug|Any CPU.Build.0 = Debug|Any CPU
		{449ADDCF-7D93-4FA2-AA81-E36FA29A520B}.Release|Any CPU.ActiveCfg = Release|Any CPU
		{449ADDCF-7D93-4FA2-AA81-E36FA29A520B}.Release|Any CPU.Build.0 = Release|Any CPU
		{7CDCF624-538D-4B9E-B8D5-B90E37AAD560}.Debug|Any CPU.ActiveCfg = Debug|Any CPU
		{7CDCF624-538D-4B9E-B8D5-B90E37AAD560}.Debug|Any CPU.Build.0 = Debug|Any CPU
		{7CDCF624-538D-4B9E-B8D5-B90E37AAD560}.Release|Any CPU.ActiveCfg = Release|Any CPU
		{7CDCF624-538D-4B9E-B8D5-B90E37AAD560}.Release|Any CPU.Build.0 = Release|Any CPU
		{0C4B67EC-CEB5-4E46-AA4D-870DC76B1EE5}.Debug|Any CPU.ActiveCfg = Debug|Any CPU
		{0C4B67EC-CEB5-4E46-AA4D-870DC76B1EE5}.Debug|Any CPU.Build.0 = Debug|Any CPU
		{0C4B67EC-CEB5-4E46-AA4D-870DC76B1EE5}.Release|Any CPU.ActiveCfg = Release|Any CPU
		{0C4B67EC-CEB5-4E46-AA4D-870DC76B1EE5}.Release|Any CPU.Build.0 = Release|Any CPU
		{7C2CEE10-630D-477A-81BF-CCC65CC2B1E1}.Debug|Any CPU.ActiveCfg = Debug|Any CPU
		{7C2CEE10-630D-477A-81BF-CCC65CC2B1E1}.Debug|Any CPU.Build.0 = Debug|Any CPU
		{7C2CEE10-630D-477A-81BF-CCC65CC2B1E1}.Release|Any CPU.ActiveCfg = Release|Any CPU
		{7C2CEE10-630D-477A-81BF-CCC65CC2B1E1}.Release|Any CPU.Build.0 = Release|Any CPU
		{CBE32D62-B212-4F5B-9E82-4FB3D736B2AE}.Debug|Any CPU.ActiveCfg = Debug|Any CPU
		{CBE32D62-B212-4F5B-9E82-4FB3D736B2AE}.Debug|Any CPU.Build.0 = Debug|Any CPU
		{CBE32D62-B212-4F5B-9E82-4FB3D736B2AE}.Release|Any CPU.ActiveCfg = Release|Any CPU
		{CBE32D62-B212-4F5B-9E82-4FB3D736B2AE}.Release|Any CPU.Build.0 = Release|Any CPU
		{B846717B-A533-4288-A8C4-DBA2A1F4C65A}.Debug|Any CPU.ActiveCfg = Debug|Any CPU
		{B846717B-A533-4288-A8C4-DBA2A1F4C65A}.Debug|Any CPU.Build.0 = Debug|Any CPU
		{B846717B-A533-4288-A8C4-DBA2A1F4C65A}.Release|Any CPU.ActiveCfg = Release|Any CPU
		{B846717B-A533-4288-A8C4-DBA2A1F4C65A}.Release|Any CPU.Build.0 = Release|Any CPU
		{9E162CA9-6428-4F42-B629-DC8B5D544529}.Debug|Any CPU.ActiveCfg = Debug|Any CPU
		{9E162CA9-6428-4F42-B629-DC8B5D544529}.Debug|Any CPU.Build.0 = Debug|Any CPU
		{9E162CA9-6428-4F42-B629-DC8B5D544529}.Release|Any CPU.ActiveCfg = Release|Any CPU
		{9E162CA9-6428-4F42-B629-DC8B5D544529}.Release|Any CPU.Build.0 = Release|Any CPU
		{435FC29A-60F1-497A-B9C8-8AE666D0350E}.Debug|Any CPU.ActiveCfg = Debug|Any CPU
		{435FC29A-60F1-497A-B9C8-8AE666D0350E}.Debug|Any CPU.Build.0 = Debug|Any CPU
		{435FC29A-60F1-497A-B9C8-8AE666D0350E}.Release|Any CPU.ActiveCfg = Release|Any CPU
		{435FC29A-60F1-497A-B9C8-8AE666D0350E}.Release|Any CPU.Build.0 = Release|Any CPU
		{7A30FA90-7F49-4FED-8DA4-CF3307D22E26}.Debug|Any CPU.ActiveCfg = Debug|Any CPU
		{7A30FA90-7F49-4FED-8DA4-CF3307D22E26}.Debug|Any CPU.Build.0 = Debug|Any CPU
		{7A30FA90-7F49-4FED-8DA4-CF3307D22E26}.Release|Any CPU.ActiveCfg = Release|Any CPU
		{7A30FA90-7F49-4FED-8DA4-CF3307D22E26}.Release|Any CPU.Build.0 = Release|Any CPU
		{37165A6C-CBBD-414E-ABD5-58920963BE63}.Debug|Any CPU.ActiveCfg = Debug|Any CPU
		{37165A6C-CBBD-414E-ABD5-58920963BE63}.Debug|Any CPU.Build.0 = Debug|Any CPU
		{37165A6C-CBBD-414E-ABD5-58920963BE63}.Release|Any CPU.ActiveCfg = Release|Any CPU
		{37165A6C-CBBD-414E-ABD5-58920963BE63}.Release|Any CPU.Build.0 = Release|Any CPU
		{9EEC075F-8B9A-4994-A2AA-82B409C7F0DD}.Debug|Any CPU.ActiveCfg = Debug|Any CPU
		{9EEC075F-8B9A-4994-A2AA-82B409C7F0DD}.Debug|Any CPU.Build.0 = Debug|Any CPU
		{9EEC075F-8B9A-4994-A2AA-82B409C7F0DD}.Release|Any CPU.ActiveCfg = Release|Any CPU
		{9EEC075F-8B9A-4994-A2AA-82B409C7F0DD}.Release|Any CPU.Build.0 = Release|Any CPU
		{223AD359-18A8-4258-BC58-F929E2BAE2CA}.Debug|Any CPU.ActiveCfg = Debug|Any CPU
		{223AD359-18A8-4258-BC58-F929E2BAE2CA}.Debug|Any CPU.Build.0 = Debug|Any CPU
		{223AD359-18A8-4258-BC58-F929E2BAE2CA}.Release|Any CPU.ActiveCfg = Release|Any CPU
		{223AD359-18A8-4258-BC58-F929E2BAE2CA}.Release|Any CPU.Build.0 = Release|Any CPU
		{76B30D5A-D6EE-4563-8780-F418F70A0A70}.Debug|Any CPU.ActiveCfg = Debug|Any CPU
		{76B30D5A-D6EE-4563-8780-F418F70A0A70}.Debug|Any CPU.Build.0 = Debug|Any CPU
		{76B30D5A-D6EE-4563-8780-F418F70A0A70}.Release|Any CPU.ActiveCfg = Release|Any CPU
		{76B30D5A-D6EE-4563-8780-F418F70A0A70}.Release|Any CPU.Build.0 = Release|Any CPU
		{41E4938B-5A96-42B0-98A6-2CBB4F472BD6}.Debug|Any CPU.ActiveCfg = Debug|Any CPU
		{41E4938B-5A96-42B0-98A6-2CBB4F472BD6}.Debug|Any CPU.Build.0 = Debug|Any CPU
		{41E4938B-5A96-42B0-98A6-2CBB4F472BD6}.Release|Any CPU.ActiveCfg = Release|Any CPU
		{41E4938B-5A96-42B0-98A6-2CBB4F472BD6}.Release|Any CPU.Build.0 = Release|Any CPU
		{F82B00A8-5858-4CAA-804C-30751E0BD89C}.Debug|Any CPU.ActiveCfg = Debug|Any CPU
		{F82B00A8-5858-4CAA-804C-30751E0BD89C}.Debug|Any CPU.Build.0 = Debug|Any CPU
		{F82B00A8-5858-4CAA-804C-30751E0BD89C}.Release|Any CPU.ActiveCfg = Release|Any CPU
		{F82B00A8-5858-4CAA-804C-30751E0BD89C}.Release|Any CPU.Build.0 = Release|Any CPU
		{414D80FE-C119-4C78-92D6-609986B2DCD6}.Debug|Any CPU.ActiveCfg = Debug|Any CPU
		{414D80FE-C119-4C78-92D6-609986B2DCD6}.Debug|Any CPU.Build.0 = Debug|Any CPU
		{414D80FE-C119-4C78-92D6-609986B2DCD6}.Release|Any CPU.ActiveCfg = Release|Any CPU
		{414D80FE-C119-4C78-92D6-609986B2DCD6}.Release|Any CPU.Build.0 = Release|Any CPU
	EndGlobalSection
	GlobalSection(SolutionProperties) = preSolution
		HideSolutionNode = FALSE
	EndGlobalSection
	GlobalSection(NestedProjects) = preSolution
		{A4FEB4DC-4009-4526-8AF8-246EF42EA11B} = {52FD36C2-CF18-428A-8F9E-3D7246EC19AA}
		{6A424982-C424-468A-AD76-45558F6A8D7F} = {52FD36C2-CF18-428A-8F9E-3D7246EC19AA}
		{029C9BC1-CB3F-4C16-8C76-E41EFB3D0DC4} = {52FD36C2-CF18-428A-8F9E-3D7246EC19AA}
		{5DE1FC1B-50CF-423E-8FE8-27D9F93E5A8F} = {52FD36C2-CF18-428A-8F9E-3D7246EC19AA}
		{2C8CE95B-7FF3-4EDC-837B-3EF8E8D8B0CE} = {52FD36C2-CF18-428A-8F9E-3D7246EC19AA}
		{5A7815AF-23B5-42C9-BAD1-9C957A5D88A7} = {52FD36C2-CF18-428A-8F9E-3D7246EC19AA}
		{283D8343-1069-452B-8561-E1C3A9F99A1D} = {B8A3E516-274D-4462-97F2-2D83B1438EB3}
		{1C54004B-96F8-40FA-9CC4-F8D4269D8621} = {86AF263D-963C-4655-A4A6-CC03C13BC5B4}
		{DFB56A5E-92A1-49EB-B442-A5A479B01465} = {86AF263D-963C-4655-A4A6-CC03C13BC5B4}
		{5867F835-112C-43C5-BF86-A13FF842CF50} = {86AF263D-963C-4655-A4A6-CC03C13BC5B4}
		{A4B6DB38-5D57-4487-9366-2A2FC7BA4416} = {86AF263D-963C-4655-A4A6-CC03C13BC5B4}
		{382F1EE5-D3EE-4AC7-8FEC-BB17C4089802} = {86AF263D-963C-4655-A4A6-CC03C13BC5B4}
		{52FD36C2-CF18-428A-8F9E-3D7246EC19AA} = {7D41D2D8-CC8C-4232-977D-62B2199B1719}
		{C51E6F62-13E6-482C-B9CA-BED046728E2B} = {7D41D2D8-CC8C-4232-977D-62B2199B1719}
		{F03B4A3B-FA0D-4355-A33D-67C408AD6C4B} = {7D41D2D8-CC8C-4232-977D-62B2199B1719}
		{077F9210-E325-43B4-8812-A5C0E555B576} = {7D41D2D8-CC8C-4232-977D-62B2199B1719}
		{C45EF353-B115-4284-A716-CA1AC666A6F5} = {7D41D2D8-CC8C-4232-977D-62B2199B1719}
		{76FFE37B-8464-4FC4-A1C4-CD642E84F3FA} = {FFE081CE-CE5A-4932-9B3D-9102FD705C46}
		{1B429119-0F9C-474E-B65B-E9BDF1515A45} = {FFE081CE-CE5A-4932-9B3D-9102FD705C46}
		{0816FDA2-C7D5-46DA-988B-F71FAD7C48E3} = {7D41D2D8-CC8C-4232-977D-62B2199B1719}
		{E8FF5D92-D142-4AD1-A866-5625972B026C} = {7D41D2D8-CC8C-4232-977D-62B2199B1719}
		{7A02C8CF-F77A-420A-954D-EDE1DDE2D0A6} = {FFE081CE-CE5A-4932-9B3D-9102FD705C46}
		{17F7BD8D-DB7C-4313-AB12-072A5B793549} = {FFE081CE-CE5A-4932-9B3D-9102FD705C46}
		{0906230F-58A9-422C-96F1-C3D9B216E2C2} = {FFE081CE-CE5A-4932-9B3D-9102FD705C46}
		{79FF5A60-B829-4412-847D-C3287B405652} = {253DEBD6-46CC-4FA6-AF79-81FD205BA772}
		{3CA5A219-C049-4336-99A6-0F7FC1AAEC88} = {253DEBD6-46CC-4FA6-AF79-81FD205BA772}
		{FB7FE3EA-1BA8-4E1C-8906-E0D01E3025B8} = {253DEBD6-46CC-4FA6-AF79-81FD205BA772}
		{87AA6DB9-1BAB-4BDB-8AB8-D15E428286DA} = {253DEBD6-46CC-4FA6-AF79-81FD205BA772}
		{B7E45934-53BE-4D79-94CE-5AA4C9D792F9} = {253DEBD6-46CC-4FA6-AF79-81FD205BA772}
		{0161745C-5D21-4825-A9F7-8D2B12DD3968} = {253DEBD6-46CC-4FA6-AF79-81FD205BA772}
		{407244DB-3D6F-47D7-8E1B-9453EC52BA99} = {253DEBD6-46CC-4FA6-AF79-81FD205BA772}
		{8337F083-CEB2-4776-9CB8-E26B8CA6EA55} = {253DEBD6-46CC-4FA6-AF79-81FD205BA772}
		{9D407262-7607-4D3B-8D25-8FDFB6CBB992} = {253DEBD6-46CC-4FA6-AF79-81FD205BA772}
		{1C2116C6-E861-4FC7-BF9E-B06BAACC2A16} = {253DEBD6-46CC-4FA6-AF79-81FD205BA772}
		{8CAF2C2E-1116-49E4-9DDF-92B6B9D7D34D} = {253DEBD6-46CC-4FA6-AF79-81FD205BA772}
		{BF21F7B2-3A0B-49C1-9DC0-07CFB7DCEDE1} = {253DEBD6-46CC-4FA6-AF79-81FD205BA772}
		{3FD6F9B5-2168-4915-8668-6BADE2421A2C} = {253DEBD6-46CC-4FA6-AF79-81FD205BA772}
		{74EBD8A5-A24E-4D85-9808-2745FF8FB02F} = {E7F3AB70-148A-4EF8-BD77-57093F044D26}
		{449ADDCF-7D93-4FA2-AA81-E36FA29A520B} = {E7F3AB70-148A-4EF8-BD77-57093F044D26}
		{7CDCF624-538D-4B9E-B8D5-B90E37AAD560} = {E7F3AB70-148A-4EF8-BD77-57093F044D26}
		{0C4B67EC-CEB5-4E46-AA4D-870DC76B1EE5} = {E7F3AB70-148A-4EF8-BD77-57093F044D26}
		{7C2CEE10-630D-477A-81BF-CCC65CC2B1E1} = {E7F3AB70-148A-4EF8-BD77-57093F044D26}
		{CBE32D62-B212-4F5B-9E82-4FB3D736B2AE} = {B7E1238E-DCFE-4108-98D8-55E34CAFBA10}
		{B846717B-A533-4288-A8C4-DBA2A1F4C65A} = {B7E1238E-DCFE-4108-98D8-55E34CAFBA10}
		{9E162CA9-6428-4F42-B629-DC8B5D544529} = {B7E1238E-DCFE-4108-98D8-55E34CAFBA10}
		{435FC29A-60F1-497A-B9C8-8AE666D0350E} = {B7E1238E-DCFE-4108-98D8-55E34CAFBA10}
		{7A30FA90-7F49-4FED-8DA4-CF3307D22E26} = {DB097C03-FDCA-475D-AEFE-93C274279B01}
		{37165A6C-CBBD-414E-ABD5-58920963BE63} = {DB097C03-FDCA-475D-AEFE-93C274279B01}
		{9EEC075F-8B9A-4994-A2AA-82B409C7F0DD} = {DB097C03-FDCA-475D-AEFE-93C274279B01}
		{223AD359-18A8-4258-BC58-F929E2BAE2CA} = {DB097C03-FDCA-475D-AEFE-93C274279B01}
		{76B30D5A-D6EE-4563-8780-F418F70A0A70} = {DB097C03-FDCA-475D-AEFE-93C274279B01}
		{41E4938B-5A96-42B0-98A6-2CBB4F472BD6} = {45D70BFB-5FFE-49DB-9F23-A81367ACA4D4}
		{F82B00A8-5858-4CAA-804C-30751E0BD89C} = {45D70BFB-5FFE-49DB-9F23-A81367ACA4D4}
		{414D80FE-C119-4C78-92D6-609986B2DCD6} = {45D70BFB-5FFE-49DB-9F23-A81367ACA4D4}
	EndGlobalSection
EndGlobal
