
Microsoft Visual Studio Solution File, Format Version 12.00
# Visual Studio 14
VisualStudioVersion = 14.0.25420.1
MinimumVisualStudioVersion = 10.0.40219.1
Project("{FAE04EC0-301F-11D3-BF4B-00C04F79EFBC}") = "hellp", "1ProgrammingBasics\hellp.csproj", "{D0BB79AB-BFFD-49FD-9D41-396EBBB0F441}"
EndProject
Project("{FAE04EC0-301F-11D3-BF4B-00C04F79EFBC}") = "calculator", "calculator\calculator.csproj", "{96260B58-F5A3-416B-A218-7498B6593529}"
EndProject
Project("{FAE04EC0-301F-11D3-BF4B-00C04F79EFBC}") = "Calc Web app", "Calc Web app\Calc Web app.csproj", "{F11E47DC-B9C7-4327-B861-4AC5019D7635}"
EndProject
Project("{2150E333-8FDC-42A3-9474-1A3956D46DE8}") = "1 first steps", "1 first steps", "{709BA0BC-016A-4B9F-A275-849BECB58D3D}"
EndProject
Project("{FAE04EC0-301F-11D3-BF4B-00C04F79EFBC}") = "char", "ConsoleApplication1\char.csproj", "{97CBB5E4-C721-4E35-B17A-A2FCE539417D}"
EndProject
Project("{FAE04EC0-301F-11D3-BF4B-00C04F79EFBC}") = "datetime exact", "ConsoleApplication2\datetime exact.csproj", "{AE271B6F-F058-4A5B-90BD-4DF4E6AE0B68}"
EndProject
Project("{FAE04EC0-301F-11D3-BF4B-00C04F79EFBC}") = "writeline exmpls", "ConsoleApplication3\writeline exmpls.csproj", "{6D0F96FC-AD99-4707-945A-2F35058CB007}"
EndProject
Project("{2150E333-8FDC-42A3-9474-1A3956D46DE8}") = "2 simple calcu", "2 simple calcu", "{B1C0FBB0-D69F-49D9-B147-5FE6874B3CF4}"
EndProject
Project("{FAE04EC0-301F-11D3-BF4B-00C04F79EFBC}") = "currency 4", "ConsoleApplication4\currency 4.csproj", "{53B5D94F-CD26-4039-8D6E-BA9C5C0ED67C}"
EndProject
Project("{FAE04EC0-301F-11D3-BF4B-00C04F79EFBC}") = "1000 days adddate", "1000 days adddate\1000 days adddate.csproj", "{A58A86F9-62AE-4A06-9601-A0C0FF07C0D4}"
EndProject
Project("{FAE04EC0-301F-11D3-BF4B-00C04F79EFBC}") = "bonus points", "ConsoleApplication6\bonus points.csproj", "{1F2D78BD-A840-4F17-8935-28BE8C0ADFF7}"
EndProject
Project("{2150E333-8FDC-42A3-9474-1A3956D46DE8}") = "3 if else", "3 if else", "{433BAA0D-E9EE-4A47-9CAC-C0D9C9343A26}"
EndProject
Project("{FAE04EC0-301F-11D3-BF4B-00C04F79EFBC}") = "SUM SECONDS", "ConsoleApplication7\SUM SECONDS.csproj", "{4CD4F908-0AB7-46E6-AA75-C5919067111A}"
EndProject
Project("{FAE04EC0-301F-11D3-BF4B-00C04F79EFBC}") = "equal words", "equal words\equal words.csproj", "{B194CCAA-D1C9-43AE-BA7E-AF8E5DF58812}"
EndProject
Project("{FAE04EC0-301F-11D3-BF4B-00C04F79EFBC}") = "ot 3 REKOLTA", "ConsoleApplication5\ot 3 REKOLTA.csproj", "{3D60C6A6-693F-4336-BB2D-0CC1737233FB}"
EndProject
Project("{2150E333-8FDC-42A3-9474-1A3956D46DE8}") = "0 izpitni zadachi", "0 izpitni zadachi", "{1C7D436E-0B77-4075-849F-AF33EB8E1438}"
EndProject
Global
	GlobalSection(SolutionConfigurationPlatforms) = preSolution
		Debug|Any CPU = Debug|Any CPU
		Release|Any CPU = Release|Any CPU
	EndGlobalSection
	GlobalSection(ProjectConfigurationPlatforms) = postSolution
		{D0BB79AB-BFFD-49FD-9D41-396EBBB0F441}.Debug|Any CPU.ActiveCfg = Debug|Any CPU
		{D0BB79AB-BFFD-49FD-9D41-396EBBB0F441}.Debug|Any CPU.Build.0 = Debug|Any CPU
		{D0BB79AB-BFFD-49FD-9D41-396EBBB0F441}.Release|Any CPU.ActiveCfg = Release|Any CPU
		{D0BB79AB-BFFD-49FD-9D41-396EBBB0F441}.Release|Any CPU.Build.0 = Release|Any CPU
		{96260B58-F5A3-416B-A218-7498B6593529}.Debug|Any CPU.ActiveCfg = Debug|Any CPU
		{96260B58-F5A3-416B-A218-7498B6593529}.Debug|Any CPU.Build.0 = Debug|Any CPU
		{96260B58-F5A3-416B-A218-7498B6593529}.Release|Any CPU.ActiveCfg = Release|Any CPU
		{96260B58-F5A3-416B-A218-7498B6593529}.Release|Any CPU.Build.0 = Release|Any CPU
		{F11E47DC-B9C7-4327-B861-4AC5019D7635}.Debug|Any CPU.ActiveCfg = Debug|Any CPU
		{F11E47DC-B9C7-4327-B861-4AC5019D7635}.Debug|Any CPU.Build.0 = Debug|Any CPU
		{F11E47DC-B9C7-4327-B861-4AC5019D7635}.Release|Any CPU.ActiveCfg = Release|Any CPU
		{F11E47DC-B9C7-4327-B861-4AC5019D7635}.Release|Any CPU.Build.0 = Release|Any CPU
		{97CBB5E4-C721-4E35-B17A-A2FCE539417D}.Debug|Any CPU.ActiveCfg = Debug|Any CPU
		{97CBB5E4-C721-4E35-B17A-A2FCE539417D}.Debug|Any CPU.Build.0 = Debug|Any CPU
		{97CBB5E4-C721-4E35-B17A-A2FCE539417D}.Release|Any CPU.ActiveCfg = Release|Any CPU
		{97CBB5E4-C721-4E35-B17A-A2FCE539417D}.Release|Any CPU.Build.0 = Release|Any CPU
		{AE271B6F-F058-4A5B-90BD-4DF4E6AE0B68}.Debug|Any CPU.ActiveCfg = Debug|Any CPU
		{AE271B6F-F058-4A5B-90BD-4DF4E6AE0B68}.Debug|Any CPU.Build.0 = Debug|Any CPU
		{AE271B6F-F058-4A5B-90BD-4DF4E6AE0B68}.Release|Any CPU.ActiveCfg = Release|Any CPU
		{AE271B6F-F058-4A5B-90BD-4DF4E6AE0B68}.Release|Any CPU.Build.0 = Release|Any CPU
		{6D0F96FC-AD99-4707-945A-2F35058CB007}.Debug|Any CPU.ActiveCfg = Debug|Any CPU
		{6D0F96FC-AD99-4707-945A-2F35058CB007}.Debug|Any CPU.Build.0 = Debug|Any CPU
		{6D0F96FC-AD99-4707-945A-2F35058CB007}.Release|Any CPU.ActiveCfg = Release|Any CPU
		{6D0F96FC-AD99-4707-945A-2F35058CB007}.Release|Any CPU.Build.0 = Release|Any CPU
		{53B5D94F-CD26-4039-8D6E-BA9C5C0ED67C}.Debug|Any CPU.ActiveCfg = Debug|Any CPU
		{53B5D94F-CD26-4039-8D6E-BA9C5C0ED67C}.Debug|Any CPU.Build.0 = Debug|Any CPU
		{53B5D94F-CD26-4039-8D6E-BA9C5C0ED67C}.Release|Any CPU.ActiveCfg = Release|Any CPU
		{53B5D94F-CD26-4039-8D6E-BA9C5C0ED67C}.Release|Any CPU.Build.0 = Release|Any CPU
		{A58A86F9-62AE-4A06-9601-A0C0FF07C0D4}.Debug|Any CPU.ActiveCfg = Debug|Any CPU
		{A58A86F9-62AE-4A06-9601-A0C0FF07C0D4}.Debug|Any CPU.Build.0 = Debug|Any CPU
		{A58A86F9-62AE-4A06-9601-A0C0FF07C0D4}.Release|Any CPU.ActiveCfg = Release|Any CPU
		{A58A86F9-62AE-4A06-9601-A0C0FF07C0D4}.Release|Any CPU.Build.0 = Release|Any CPU
		{1F2D78BD-A840-4F17-8935-28BE8C0ADFF7}.Debug|Any CPU.ActiveCfg = Debug|Any CPU
		{1F2D78BD-A840-4F17-8935-28BE8C0ADFF7}.Debug|Any CPU.Build.0 = Debug|Any CPU
		{1F2D78BD-A840-4F17-8935-28BE8C0ADFF7}.Release|Any CPU.ActiveCfg = Release|Any CPU
		{1F2D78BD-A840-4F17-8935-28BE8C0ADFF7}.Release|Any CPU.Build.0 = Release|Any CPU
		{4CD4F908-0AB7-46E6-AA75-C5919067111A}.Debug|Any CPU.ActiveCfg = Debug|Any CPU
		{4CD4F908-0AB7-46E6-AA75-C5919067111A}.Debug|Any CPU.Build.0 = Debug|Any CPU
		{4CD4F908-0AB7-46E6-AA75-C5919067111A}.Release|Any CPU.ActiveCfg = Release|Any CPU
		{4CD4F908-0AB7-46E6-AA75-C5919067111A}.Release|Any CPU.Build.0 = Release|Any CPU
		{B194CCAA-D1C9-43AE-BA7E-AF8E5DF58812}.Debug|Any CPU.ActiveCfg = Debug|Any CPU
		{B194CCAA-D1C9-43AE-BA7E-AF8E5DF58812}.Debug|Any CPU.Build.0 = Debug|Any CPU
		{B194CCAA-D1C9-43AE-BA7E-AF8E5DF58812}.Release|Any CPU.ActiveCfg = Release|Any CPU
		{B194CCAA-D1C9-43AE-BA7E-AF8E5DF58812}.Release|Any CPU.Build.0 = Release|Any CPU
		{3D60C6A6-693F-4336-BB2D-0CC1737233FB}.Debug|Any CPU.ActiveCfg = Debug|Any CPU
		{3D60C6A6-693F-4336-BB2D-0CC1737233FB}.Debug|Any CPU.Build.0 = Debug|Any CPU
		{3D60C6A6-693F-4336-BB2D-0CC1737233FB}.Release|Any CPU.ActiveCfg = Release|Any CPU
		{3D60C6A6-693F-4336-BB2D-0CC1737233FB}.Release|Any CPU.Build.0 = Release|Any CPU
	EndGlobalSection
	GlobalSection(SolutionProperties) = preSolution
		HideSolutionNode = FALSE
	EndGlobalSection
	GlobalSection(NestedProjects) = preSolution
		{D0BB79AB-BFFD-49FD-9D41-396EBBB0F441} = {709BA0BC-016A-4B9F-A275-849BECB58D3D}
		{96260B58-F5A3-416B-A218-7498B6593529} = {709BA0BC-016A-4B9F-A275-849BECB58D3D}
		{F11E47DC-B9C7-4327-B861-4AC5019D7635} = {709BA0BC-016A-4B9F-A275-849BECB58D3D}
		{97CBB5E4-C721-4E35-B17A-A2FCE539417D} = {B1C0FBB0-D69F-49D9-B147-5FE6874B3CF4}
		{AE271B6F-F058-4A5B-90BD-4DF4E6AE0B68} = {B1C0FBB0-D69F-49D9-B147-5FE6874B3CF4}
		{6D0F96FC-AD99-4707-945A-2F35058CB007} = {B1C0FBB0-D69F-49D9-B147-5FE6874B3CF4}
		{53B5D94F-CD26-4039-8D6E-BA9C5C0ED67C} = {B1C0FBB0-D69F-49D9-B147-5FE6874B3CF4}
		{A58A86F9-62AE-4A06-9601-A0C0FF07C0D4} = {B1C0FBB0-D69F-49D9-B147-5FE6874B3CF4}
		{1F2D78BD-A840-4F17-8935-28BE8C0ADFF7} = {433BAA0D-E9EE-4A47-9CAC-C0D9C9343A26}
		{4CD4F908-0AB7-46E6-AA75-C5919067111A} = {433BAA0D-E9EE-4A47-9CAC-C0D9C9343A26}
		{B194CCAA-D1C9-43AE-BA7E-AF8E5DF58812} = {433BAA0D-E9EE-4A47-9CAC-C0D9C9343A26}
		{3D60C6A6-693F-4336-BB2D-0CC1737233FB} = {1C7D436E-0B77-4075-849F-AF33EB8E1438}
	EndGlobalSection
EndGlobal
